
Microsoft Visual Studio Solution File, Format Version 12.00
# Visual Studio Version 16
VisualStudioVersion = 16.0.31410.357
MinimumVisualStudioVersion = 10.0.40219.1
Project("{9A19103F-16F7-4668-BE54-9A1E7A4F7556}") = "MNKHprocessor", "MNKHprocessor\MNKHprocessor.csproj", "{AA9A1644-EC95-43BE-B294-C41B363EC125}"
EndProject
Global
	GlobalSection(SolutionConfigurationPlatforms) = preSolution
		Debug|Any CPU = Debug|Any CPU
		Release|Any CPU = Release|Any CPU
	EndGlobalSection
	GlobalSection(ProjectConfigurationPlatforms) = postSolution
		{AA9A1644-EC95-43BE-B294-C41B363EC125}.Debug|Any CPU.ActiveCfg = Debug|Any CPU
		{AA9A1644-EC95-43BE-B294-C41B363EC125}.Debug|Any CPU.Build.0 = Debug|Any CPU
		{AA9A1644-EC95-43BE-B294-C41B363EC125}.Release|Any CPU.ActiveCfg = Release|Any CPU
		{AA9A1644-EC95-43BE-B294-C41B363EC125}.Release|Any CPU.Build.0 = Release|Any CPU
	EndGlobalSection
	GlobalSection(SolutionProperties) = preSolution
		HideSolutionNode = FALSE
	EndGlobalSection
	GlobalSection(ExtensibilityGlobals) = postSolution
		SolutionGuid = {D75A7E8B-01B2-4B8A-BE2F-77A81F25A802}
	EndGlobalSection
EndGlobal
